<?xml version="1.0" encoding="utf-8"?>
<Project ToolsVersion="4.0" xmlns="http://schemas.microsoft.com/developer/msbuild/2003">
  <ItemGroup>
    <ClCompile Include="DirectX_GraphicsDevice.cpp">
      <Filter>Graphics</Filter>
    </ClCompile>
    <ClCompile Include="BufferResourcer.cpp">
      <Filter>Resources\Resourcers</Filter>
    </ClCompile>
    <ClCompile Include="ShaderResourcer.cpp">
      <Filter>Resources\Resourcers</Filter>
    </ClCompile>
    <ClCompile Include="TextureResourcer.cpp">
      <Filter>Resources\Resourcers</Filter>
    </ClCompile>
    <ClCompile Include="DDSTextureLoader.cpp">
      <Filter>Resources\Loaders</Filter>
    </ClCompile>
    <ClCompile Include="WICTextureLoader.cpp">
      <Filter>Resources\Loaders</Filter>
    </ClCompile>
    <ClCompile Include="GraphicsDevice.cpp">
      <Filter>Graphics\API</Filter>
    </ClCompile>
    <ClCompile Include="StdAfx.cpp" />
    <ClCompile Include="DebugOutput.cpp">
      <Filter>Diagnostic</Filter>
    </ClCompile>
    <ClCompile Include="MeshResourcer.cpp">
      <Filter>Resources\Resourcers</Filter>
    </ClCompile>
    <ClCompile Include="SpriteBatch.cpp">
      <Filter>Graphics\API</Filter>
    </ClCompile>
    <ClCompile Include="GraphicsFactory.cpp">
      <Filter>Graphics\API</Filter>
    </ClCompile>
    <ClCompile Include="DirectX_SpriteBatch.cpp">
      <Filter>Graphics</Filter>
    </ClCompile>
    <ClCompile Include="Geometry.inl">
      <Filter>Math</Filter>
    </ClCompile>
    <ClCompile Include="OSHighResTimer.cpp">
      <Filter>Diagnostic</Filter>
    </ClCompile>
    <ClCompile Include="Stopwatch.cpp">
      <Filter>Diagnostic</Filter>
    </ClCompile>
    <ClCompile Include="Resources.cpp">
      <Filter>Resources</Filter>
    </ClCompile>
    <ClCompile Include="Mesh.cpp">
      <Filter>Resources\ResourceClasses</Filter>
    </ClCompile>
    <ClCompile Include="Component.cpp">
      <Filter>GameObject</Filter>
    </ClCompile>
    <ClCompile Include="ComponentFactory.cpp">
      <Filter>GameObject</Filter>
    </ClCompile>
    <ClCompile Include="ComponentCache.cpp">
      <Filter>GameObject</Filter>
    </ClCompile>
    <ClCompile Include="GameObject.cpp">
      <Filter>GameObject</Filter>
    </ClCompile>
    <ClCompile Include="GameObjectCache.cpp">
      <Filter>GameObject</Filter>
    </ClCompile>
    <ClCompile Include="ShadyTreeEngine.cpp">
      <Filter>Core</Filter>
    </ClCompile>
    <ClCompile Include="GraphicsSystem.cpp">
      <Filter>Graphics</Filter>
    </ClCompile>
    <ClCompile Include="WindowSystem.cpp">
      <Filter>Window</Filter>
    </ClCompile>
    <ClCompile Include="WindowGlobals.cpp">
      <Filter>Window</Filter>
    </ClCompile>
    <ClCompile Include="GameTimer.cpp">
      <Filter>Core</Filter>
    </ClCompile>
    <ClCompile Include="GraphicsComponent.cpp">
      <Filter>Graphics\Component</Filter>
    </ClCompile>
    <ClCompile Include="PositionalComponent.cpp">
      <Filter>Physics</Filter>
    </ClCompile>
    <ClCompile Include="Message.cpp">
      <Filter>Message</Filter>
    </ClCompile>
    <ClCompile Include="InputState.cpp">
      <Filter>Input</Filter>
    </ClCompile>
    <ClCompile Include="FileResourcer.cpp">
      <Filter>Resources\Resourcers</Filter>
    </ClCompile>
  </ItemGroup>
  <ItemGroup>
    <ClInclude Include="DirectX_GraphicsDevice.h">
      <Filter>Graphics</Filter>
    </ClInclude>
    <ClInclude Include="BufferResourcer.h">
      <Filter>Resources\Resourcers</Filter>
    </ClInclude>
    <ClInclude Include="ConstantBuffer.h">
      <Filter>Resources\Resourcers</Filter>
    </ClInclude>
    <ClInclude Include="ShaderResourcer.h">
      <Filter>Resources\Resourcers</Filter>
    </ClInclude>
    <ClInclude Include="TextureResourcer.h">
      <Filter>Resources\Resourcers</Filter>
    </ClInclude>
    <ClInclude Include="DDSTextureLoader.h">
      <Filter>Resources\Loaders</Filter>
    </ClInclude>
    <ClInclude Include="WICTextureLoader.h">
      <Filter>Resources\Loaders</Filter>
    </ClInclude>
    <ClInclude Include="GraphicsDevice.h">
      <Filter>Graphics\API</Filter>
    </ClInclude>
    <ClInclude Include="GraphicsResourceHandles.h">
      <Filter>Graphics\API</Filter>
    </ClInclude>
    <ClInclude Include="MathLib.h">
      <Filter>Math</Filter>
    </ClInclude>
    <ClInclude Include="StringUtility.h">
      <Filter>Utility</Filter>
    </ClInclude>
    <ClInclude Include="Vertex.h">
      <Filter>Math</Filter>
    </ClInclude>
    <ClInclude Include="SimpleMath.h">
      <Filter>Math</Filter>
    </ClInclude>
    <ClInclude Include="StdAfx.h" />
    <ClInclude Include="DebugOutput.h">
      <Filter>Diagnostic</Filter>
    </ClInclude>
    <ClInclude Include="Debug_Graphics.h">
      <Filter>Diagnostic</Filter>
    </ClInclude>
    <ClInclude Include="MeshResourcer.h">
      <Filter>Resources\Resourcers</Filter>
    </ClInclude>
    <ClInclude Include="SpriteBatch.h">
      <Filter>Graphics\API</Filter>
    </ClInclude>
    <ClInclude Include="GraphicsFactory.h">
      <Filter>Graphics\API</Filter>
    </ClInclude>
    <ClInclude Include="DirectX_SpriteBatch.h">
      <Filter>Graphics</Filter>
    </ClInclude>
    <ClInclude Include="DeviceAPI.h">
      <Filter>Graphics\API</Filter>
    </ClInclude>
    <ClInclude Include="Geometry.h">
      <Filter>Math</Filter>
    </ClInclude>
    <ClInclude Include="OSHighResTimer.h">
      <Filter>Diagnostic</Filter>
    </ClInclude>
    <ClInclude Include="Stopwatch.h">
      <Filter>Diagnostic</Filter>
    </ClInclude>
    <ClInclude Include="Resources.h">
      <Filter>Resources</Filter>
    </ClInclude>
    <ClInclude Include="IResources.h">
      <Filter>Resources</Filter>
    </ClInclude>
    <ClInclude Include="Mesh.h">
      <Filter>Resources\ResourceClasses</Filter>
    </ClInclude>
    <ClInclude Include="Component.h">
      <Filter>GameObject</Filter>
    </ClInclude>
    <ClInclude Include="ComponentFactory.h">
      <Filter>GameObject</Filter>
    </ClInclude>
    <ClInclude Include="ComponentCache.h">
      <Filter>GameObject</Filter>
    </ClInclude>
    <ClInclude Include="GameObject.h">
      <Filter>GameObject</Filter>
    </ClInclude>
    <ClInclude Include="GameObjectCache.h">
      <Filter>GameObject</Filter>
    </ClInclude>
    <ClInclude Include="ShadyTreeEngine.h">
      <Filter>Core</Filter>
    </ClInclude>
    <ClInclude Include="ISystem.h">
      <Filter>Core</Filter>
    </ClInclude>
    <ClInclude Include="GraphicsSystem.h">
      <Filter>Graphics</Filter>
    </ClInclude>
    <ClInclude Include="ST_API_Def.h">
      <Filter>Graphics\API</Filter>
    </ClInclude>
    <ClInclude Include="WindowSystem.h">
      <Filter>Window</Filter>
    </ClInclude>
    <ClInclude Include="WindowGlobals.h">
      <Filter>Window</Filter>
    </ClInclude>
    <ClInclude Include="GameTimer.h">
      <Filter>Core</Filter>
    </ClInclude>
    <ClInclude Include="GraphicsComponent.h">
      <Filter>Graphics\Component</Filter>
    </ClInclude>
    <ClInclude Include="PositionalComponent.h">
      <Filter>Physics</Filter>
    </ClInclude>
    <ClInclude Include="Message.h">
      <Filter>Message</Filter>
    </ClInclude>
    <ClInclude Include="InputState.h">
      <Filter>Input</Filter>
    </ClInclude>
    <ClInclude Include="FileResourcer.h">
      <Filter>Resources\Resourcers</Filter>
    </ClInclude>
    <ClInclude Include="TinyDir.h">
      <Filter>Resources</Filter>
    </ClInclude>
  </ItemGroup>
  <ItemGroup>
    <Filter Include="Graphics">
      <UniqueIdentifier>{fcb1d1de-41be-4535-a9e7-08a3aa0cbff8}</UniqueIdentifier>
    </Filter>
    <Filter Include="Math">
      <UniqueIdentifier>{3af75988-15e9-4b70-8ef0-9c4058c9c2de}</UniqueIdentifier>
    </Filter>
    <Filter Include="Window">
      <UniqueIdentifier>{eabbfba8-f05f-467e-ac27-5f42aef103d7}</UniqueIdentifier>
    </Filter>
    <Filter Include="Utility">
      <UniqueIdentifier>{6183b632-df29-47ba-96e1-379678dbe086}</UniqueIdentifier>
    </Filter>
    <Filter Include="Diagnostic">
      <UniqueIdentifier>{8f2eb0b6-d968-4483-94b9-528f6942e512}</UniqueIdentifier>
    </Filter>
    <Filter Include="Graphics\2D Adapter">
      <UniqueIdentifier>{3e3988b8-b221-42d1-80cf-db6a5634496e}</UniqueIdentifier>
    </Filter>
    <Filter Include="Resources">
      <UniqueIdentifier>{99f52ad7-b6f1-41fb-87cc-134c02764fc2}</UniqueIdentifier>
    </Filter>
    <Filter Include="Resources\Loaders">
      <UniqueIdentifier>{4b8331b4-d5ae-4a93-9788-e62d10a3e014}</UniqueIdentifier>
    </Filter>
    <Filter Include="Resources\Resourcers">
      <UniqueIdentifier>{2c401166-7512-46c7-b6a8-98c6db5ea3c3}</UniqueIdentifier>
    </Filter>
    <Filter Include="Resources\ResourceClasses">
      <UniqueIdentifier>{56227e2f-3eb8-4098-91b7-fe5ff7ab64c9}</UniqueIdentifier>
    </Filter>
    <Filter Include="GameObject">
      <UniqueIdentifier>{c643028c-b0fd-43f8-a4f3-9149e3617f00}</UniqueIdentifier>
    </Filter>
    <Filter Include="Graphics\API">
      <UniqueIdentifier>{444ae2a5-7eda-4c3d-9c9b-904a9854b013}</UniqueIdentifier>
    </Filter>
    <Filter Include="Core">
      <UniqueIdentifier>{0c7672dc-115b-4923-9ee2-45f83f15a8f4}</UniqueIdentifier>
    </Filter>
    <Filter Include="Graphics\Component">
      <UniqueIdentifier>{93681db4-0836-4e31-8342-a8e5f0f1b767}</UniqueIdentifier>
    </Filter>
    <Filter Include="Physics">
      <UniqueIdentifier>{fb9c8084-e11f-4707-b165-abc6c75e2733}</UniqueIdentifier>
    </Filter>
    <Filter Include="Message">
      <UniqueIdentifier>{ea66c83d-00b1-4ec6-a8ae-c18054814e07}</UniqueIdentifier>
    </Filter>
    <Filter Include="Input">
      <UniqueIdentifier>{d874c952-62f0-4b97-bf6f-1770760f184c}</UniqueIdentifier>
    </Filter>
  </ItemGroup>
  <ItemGroup>
    <None Include="SimpleMath.inl">
      <Filter>Math</Filter>
    </None>
  </ItemGroup>
</Project>