<?xml version="1.0" encoding="utf-8"?>
<Project ToolsVersion="4.0" xmlns="http://schemas.microsoft.com/developer/msbuild/2003">
  <ItemGroup>
    <ClCompile Include="Driver.cpp" />
    <ClCompile Include="GameObjectFactory.cpp">
      <Filter>GameLogic</Filter>
    </ClCompile>
    <ClCompile Include="DeSerializer.cpp" />
    <ClCompile Include="StdAfx2.cpp" />
    <ClCompile Include="Level.cpp">
      <Filter>GameLogic</Filter>
    </ClCompile>
    <ClCompile Include="PlayerStateComponent.cpp">
      <Filter>GameLogic\Custom Components</Filter>
    </ClCompile>
    <ClCompile Include="AIComponent.cpp">
      <Filter>GameLogic\Custom Components</Filter>
    </ClCompile>
    <ClCompile Include="AttackComponent.cpp">
      <Filter>GameLogic\Custom Components</Filter>
    </ClCompile>
    <ClCompile Include="GameStateSystem.cpp">
      <Filter>GameLogic</Filter>
    </ClCompile>
    <ClCompile Include="IntroScreen.cpp">
      <Filter>GameLogic</Filter>
    </ClCompile>
    <ClCompile Include="GameLogic.cpp">
      <Filter>GameLogic</Filter>
    </ClCompile>
    <ClCompile Include="PowerUpComponent.cpp">
      <Filter>GameLogic\Custom Components</Filter>
    </ClCompile>
  </ItemGroup>
  <ItemGroup>
    <ClInclude Include="GameObjectFactory.h">
      <Filter>GameLogic</Filter>
    </ClInclude>
    <ClInclude Include="DeSerializer.h" />
    <ClInclude Include="StdAfx2.h" />
    <ClInclude Include="Level.h">
      <Filter>GameLogic</Filter>
    </ClInclude>
    <ClInclude Include="PlayerStateComponent.h">
      <Filter>GameLogic\Custom Components</Filter>
    </ClInclude>
    <ClInclude Include="AIComponent.h">
      <Filter>GameLogic\Custom Components</Filter>
    </ClInclude>
    <ClInclude Include="AttackComponent.h">
      <Filter>GameLogic\Custom Components</Filter>
    </ClInclude>
    <ClInclude Include="IGameState.h">
      <Filter>GameLogic</Filter>
    </ClInclude>
    <ClInclude Include="IntroScreen.h">
      <Filter>GameLogic</Filter>
    </ClInclude>
    <ClInclude Include="GameStateSystem.h">
      <Filter>GameLogic</Filter>
    </ClInclude>
    <ClInclude Include="GameLogic.h">
      <Filter>GameLogic</Filter>
    </ClInclude>
    <ClInclude Include="PowerupComponent.h">
      <Filter>GameLogic\Custom Components</Filter>
    </ClInclude>
  </ItemGroup>
  <ItemGroup>
    <Filter Include="GameLogic">
      <UniqueIdentifier>{27c06357-7bba-4234-af22-c5f5fccecfe3}</UniqueIdentifier>
    </Filter>
    <Filter Include="GameLogic\Custom Components">
      <UniqueIdentifier>{eeac01c2-0711-4aef-a078-662ced522ee1}</UniqueIdentifier>
    </Filter>
  </ItemGroup>
</Project>