<?xml version="1.0" encoding="utf-8"?>
<Project ToolsVersion="4.0" xmlns="http://schemas.microsoft.com/developer/msbuild/2003">
  <ItemGroup>
    <ClCompile Include="Driver.cpp" />
    <ClCompile Include="GraphicsTestUser.cpp" />
    <ClCompile Include="SpriteBatchTestUser.cpp" />
    <ClCompile Include="GameObjectFactory.cpp">
      <Filter>GameLogic</Filter>
    </ClCompile>
    <ClCompile Include="GameLogic.cpp">
      <Filter>GameLogic</Filter>
    </ClCompile>
  </ItemGroup>
  <ItemGroup>
    <ClInclude Include="GraphicsTestUser.h" />
    <ClInclude Include="SpriteBatchTestUser.h" />
    <ClInclude Include="GameObjectFactory.h">
      <Filter>GameLogic</Filter>
    </ClInclude>
    <ClInclude Include="GameLogic.h">
      <Filter>GameLogic</Filter>
    </ClInclude>
  </ItemGroup>
  <ItemGroup>
    <Filter Include="GameLogic">
      <UniqueIdentifier>{27c06357-7bba-4234-af22-c5f5fccecfe3}</UniqueIdentifier>
    </Filter>
  </ItemGroup>
</Project>