<?xml version="1.0" encoding="utf-8"?>
<Project ToolsVersion="4.0" xmlns="http://schemas.microsoft.com/developer/msbuild/2003">
  <ItemGroup>
    <ClCompile Include="Driver.cpp" />
    <ClCompile Include="DeSerializer.cpp" />
    <ClCompile Include="StdAfx2.cpp" />
    <ClCompile Include="GameLogic\GameLogic.cpp">
      <Filter>GameLogic</Filter>
    </ClCompile>
    <ClCompile Include="GameLogic\GameObjectFactory.cpp">
      <Filter>GameLogic</Filter>
    </ClCompile>
    <ClCompile Include="GameLogic\GameStateSystem.cpp">
      <Filter>GameLogic</Filter>
    </ClCompile>
    <ClCompile Include="GameLogic\IntroScreen.cpp">
      <Filter>GameLogic</Filter>
    </ClCompile>
    <ClCompile Include="GameLogic\Level.cpp">
      <Filter>GameLogic</Filter>
    </ClCompile>
    <ClCompile Include="GameLogic\CustomComponents\AIComponent.cpp">
      <Filter>GameLogic\Custom Components</Filter>
    </ClCompile>
    <ClCompile Include="GameLogic\CustomComponents\AttackComponent.cpp">
      <Filter>GameLogic\Custom Components</Filter>
    </ClCompile>
    <ClCompile Include="GameLogic\CustomComponents\PlayerStateComponent.cpp">
      <Filter>GameLogic\Custom Components</Filter>
    </ClCompile>
    <ClCompile Include="GameLogic\CustomComponents\PowerUpComponent.cpp">
      <Filter>GameLogic\Custom Components</Filter>
    </ClCompile>
  </ItemGroup>
  <ItemGroup>
    <ClInclude Include="DeSerializer.h" />
    <ClInclude Include="StdAfx2.h" />
    <ClInclude Include="GameLogic\GameLogic.h">
      <Filter>GameLogic</Filter>
    </ClInclude>
    <ClInclude Include="GameLogic\GameObjectFactory.h">
      <Filter>GameLogic</Filter>
    </ClInclude>
    <ClInclude Include="GameLogic\GameStateSystem.h">
      <Filter>GameLogic</Filter>
    </ClInclude>
    <ClInclude Include="GameLogic\IGameState.h">
      <Filter>GameLogic</Filter>
    </ClInclude>
    <ClInclude Include="GameLogic\IntroScreen.h">
      <Filter>GameLogic</Filter>
    </ClInclude>
    <ClInclude Include="GameLogic\Level.h">
      <Filter>GameLogic</Filter>
    </ClInclude>
    <ClInclude Include="GameLogic\CustomComponents\AIComponent.h">
      <Filter>GameLogic\Custom Components</Filter>
    </ClInclude>
    <ClInclude Include="GameLogic\CustomComponents\AttackComponent.h">
      <Filter>GameLogic\Custom Components</Filter>
    </ClInclude>
    <ClInclude Include="GameLogic\CustomComponents\PlayerStateComponent.h">
      <Filter>GameLogic\Custom Components</Filter>
    </ClInclude>
    <ClInclude Include="GameLogic\CustomComponents\PowerupComponent.h">
      <Filter>GameLogic\Custom Components</Filter>
    </ClInclude>
  </ItemGroup>
  <ItemGroup>
    <Filter Include="GameLogic">
      <UniqueIdentifier>{27c06357-7bba-4234-af22-c5f5fccecfe3}</UniqueIdentifier>
    </Filter>
    <Filter Include="GameLogic\Custom Components">
      <UniqueIdentifier>{eeac01c2-0711-4aef-a078-662ced522ee1}</UniqueIdentifier>
    </Filter>
  </ItemGroup>
</Project>